// !$*UTF8*$!
{
	archiveVersion = 1;
	classes = {
	};
	objectVersion = 51;
	objects = {

/* Begin PBXBuildFile section */
		4FF2449226386CBF00BF4BC5 /* AppDelegate.swift in Sources */ = {isa = PBXBuildFile; fileRef = 4FF2449126386CBF00BF4BC5 /* AppDelegate.swift */; };
		4FF2449426386CC000BF4BC5 /* SceneDelegate.swift in Sources */ = {isa = PBXBuildFile; fileRef = 4FF2449326386CC000BF4BC5 /* SceneDelegate.swift */; };
		4FF2449626386CC000BF4BC5 /* ViewController.swift in Sources */ = {isa = PBXBuildFile; fileRef = 4FF2449526386CC000BF4BC5 /* ViewController.swift */; };
		4FF2449926386CC000BF4BC5 /* Main.storyboard in Resources */ = {isa = PBXBuildFile; fileRef = 4FF2449726386CC000BF4BC5 /* Main.storyboard */; };
		4FF2449B26386CC200BF4BC5 /* Assets.xcassets in Resources */ = {isa = PBXBuildFile; fileRef = 4FF2449A26386CC200BF4BC5 /* Assets.xcassets */; };
		4FF2449E26386CC200BF4BC5 /* LaunchScreen.storyboard in Resources */ = {isa = PBXBuildFile; fileRef = 4FF2449C26386CC200BF4BC5 /* LaunchScreen.storyboard */; };
		4FF244AC26386DA100BF4BC5 /* SubjectVSObservableVC.swift in Sources */ = {isa = PBXBuildFile; fileRef = 4FF244AB26386DA100BF4BC5 /* SubjectVSObservableVC.swift */; };
		4FF244AF2638758500BF4BC5 /* PracticalVC.swift in Sources */ = {isa = PBXBuildFile; fileRef = 4FF244AE2638758500BF4BC5 /* PracticalVC.swift */; };
		4FF244B22638759000BF4BC5 /* Practical2VC.swift in Sources */ = {isa = PBXBuildFile; fileRef = 4FF244B12638759000BF4BC5 /* Practical2VC.swift */; };
		4FF244B5263AA1AD00BF4BC5 /* RxCocoaVC.swift in Sources */ = {isa = PBXBuildFile; fileRef = 4FF244B4263AA1AD00BF4BC5 /* RxCocoaVC.swift */; };
		D49D468FC59A81E49F67710C /* Pods_RxSwift_Practice2.framework in Frameworks */ = {isa = PBXBuildFile; fileRef = 0E0F1823DC288D8B233F9574 /* Pods_RxSwift_Practice2.framework */; };
/* End PBXBuildFile section */

/* Begin PBXFileReference section */
		0E0F1823DC288D8B233F9574 /* Pods_RxSwift_Practice2.framework */ = {isa = PBXFileReference; explicitFileType = wrapper.framework; includeInIndex = 0; path = Pods_RxSwift_Practice2.framework; sourceTree = BUILT_PRODUCTS_DIR; };
		41E76467E44B892CF3EA30E3 /* Pods-RxSwift_Practice2.release.xcconfig */ = {isa = PBXFileReference; includeInIndex = 1; lastKnownFileType = text.xcconfig; name = "Pods-RxSwift_Practice2.release.xcconfig"; path = "Target Support Files/Pods-RxSwift_Practice2/Pods-RxSwift_Practice2.release.xcconfig"; sourceTree = "<group>"; };
		4FF2448E26386CBF00BF4BC5 /* RxSwift_Practice2.app */ = {isa = PBXFileReference; explicitFileType = wrapper.application; includeInIndex = 0; path = RxSwift_Practice2.app; sourceTree = BUILT_PRODUCTS_DIR; };
		4FF2449126386CBF00BF4BC5 /* AppDelegate.swift */ = {isa = PBXFileReference; lastKnownFileType = sourcecode.swift; path = AppDelegate.swift; sourceTree = "<group>"; };
		4FF2449326386CC000BF4BC5 /* SceneDelegate.swift */ = {isa = PBXFileReference; lastKnownFileType = sourcecode.swift; path = SceneDelegate.swift; sourceTree = "<group>"; };
		4FF2449526386CC000BF4BC5 /* ViewController.swift */ = {isa = PBXFileReference; lastKnownFileType = sourcecode.swift; path = ViewController.swift; sourceTree = "<group>"; };
		4FF2449826386CC000BF4BC5 /* Base */ = {isa = PBXFileReference; lastKnownFileType = file.storyboard; name = Base; path = Base.lproj/Main.storyboard; sourceTree = "<group>"; };
		4FF2449A26386CC200BF4BC5 /* Assets.xcassets */ = {isa = PBXFileReference; lastKnownFileType = folder.assetcatalog; path = Assets.xcassets; sourceTree = "<group>"; };
		4FF2449D26386CC200BF4BC5 /* Base */ = {isa = PBXFileReference; lastKnownFileType = file.storyboard; name = Base; path = Base.lproj/LaunchScreen.storyboard; sourceTree = "<group>"; };
		4FF2449F26386CC200BF4BC5 /* Info.plist */ = {isa = PBXFileReference; lastKnownFileType = text.plist.xml; path = Info.plist; sourceTree = "<group>"; };
		4FF244AB26386DA100BF4BC5 /* SubjectVSObservableVC.swift */ = {isa = PBXFileReference; lastKnownFileType = sourcecode.swift; path = SubjectVSObservableVC.swift; sourceTree = "<group>"; };
		4FF244AE2638758500BF4BC5 /* PracticalVC.swift */ = {isa = PBXFileReference; lastKnownFileType = sourcecode.swift; path = PracticalVC.swift; sourceTree = "<group>"; };
		4FF244B12638759000BF4BC5 /* Practical2VC.swift */ = {isa = PBXFileReference; lastKnownFileType = sourcecode.swift; path = Practical2VC.swift; sourceTree = "<group>"; };
		4FF244B4263AA1AD00BF4BC5 /* RxCocoaVC.swift */ = {isa = PBXFileReference; lastKnownFileType = sourcecode.swift; path = RxCocoaVC.swift; sourceTree = "<group>"; };
		CAB809B701DD6D5E599818E1 /* Pods-RxSwift_Practice2.debug.xcconfig */ = {isa = PBXFileReference; includeInIndex = 1; lastKnownFileType = text.xcconfig; name = "Pods-RxSwift_Practice2.debug.xcconfig"; path = "Target Support Files/Pods-RxSwift_Practice2/Pods-RxSwift_Practice2.debug.xcconfig"; sourceTree = "<group>"; };
/* End PBXFileReference section */

/* Begin PBXFrameworksBuildPhase section */
		4FF2448B26386CBF00BF4BC5 /* Frameworks */ = {
			isa = PBXFrameworksBuildPhase;
			buildActionMask = 2147483647;
			files = (
				D49D468FC59A81E49F67710C /* Pods_RxSwift_Practice2.framework in Frameworks */,
			);
			runOnlyForDeploymentPostprocessing = 0;
		};
/* End PBXFrameworksBuildPhase section */

/* Begin PBXGroup section */
		3B8DD6CD57C9BDB3FCA9E858 /* Pods */ = {
			isa = PBXGroup;
			children = (
				CAB809B701DD6D5E599818E1 /* Pods-RxSwift_Practice2.debug.xcconfig */,
				41E76467E44B892CF3EA30E3 /* Pods-RxSwift_Practice2.release.xcconfig */,
			);
			path = Pods;
			sourceTree = "<group>";
		};
		4FF2448526386CBF00BF4BC5 = {
			isa = PBXGroup;
			children = (
				4FF2449026386CBF00BF4BC5 /* RxSwift_Practice2 */,
				4FF2448F26386CBF00BF4BC5 /* Products */,
				3B8DD6CD57C9BDB3FCA9E858 /* Pods */,
				B420D4BE8404A5CBED2FD648 /* Frameworks */,
			);
			sourceTree = "<group>";
		};
		4FF2448F26386CBF00BF4BC5 /* Products */ = {
			isa = PBXGroup;
			children = (
				4FF2448E26386CBF00BF4BC5 /* RxSwift_Practice2.app */,
			);
			name = Products;
			sourceTree = "<group>";
		};
		4FF2449026386CBF00BF4BC5 /* RxSwift_Practice2 */ = {
			isa = PBXGroup;
			children = (
				4FF2449126386CBF00BF4BC5 /* AppDelegate.swift */,
				4FF2449326386CC000BF4BC5 /* SceneDelegate.swift */,
				4FF2449526386CC000BF4BC5 /* ViewController.swift */,
				4FF2449726386CC000BF4BC5 /* Main.storyboard */,
				4FF2449A26386CC200BF4BC5 /* Assets.xcassets */,
				4FF2449C26386CC200BF4BC5 /* LaunchScreen.storyboard */,
				4FF2449F26386CC200BF4BC5 /* Info.plist */,
				4FF244AB26386DA100BF4BC5 /* SubjectVSObservableVC.swift */,
				4FF244AE2638758500BF4BC5 /* PracticalVC.swift */,
				4FF244B12638759000BF4BC5 /* Practical2VC.swift */,
				4FF244B4263AA1AD00BF4BC5 /* RxCocoaVC.swift */,
			);
			path = RxSwift_Practice2;
			sourceTree = "<group>";
		};
		B420D4BE8404A5CBED2FD648 /* Frameworks */ = {
			isa = PBXGroup;
			children = (
				0E0F1823DC288D8B233F9574 /* Pods_RxSwift_Practice2.framework */,
			);
			name = Frameworks;
			sourceTree = "<group>";
		};
/* End PBXGroup section */

/* Begin PBXNativeTarget section */
		4FF2448D26386CBF00BF4BC5 /* RxSwift_Practice2 */ = {
			isa = PBXNativeTarget;
			buildConfigurationList = 4FF244A226386CC200BF4BC5 /* Build configuration list for PBXNativeTarget "RxSwift_Practice2" */;
			buildPhases = (
				7530B5DD3811162A7BF04A15 /* [CP] Check Pods Manifest.lock */,
				4FF2448A26386CBF00BF4BC5 /* Sources */,
				4FF2448B26386CBF00BF4BC5 /* Frameworks */,
				4FF2448C26386CBF00BF4BC5 /* Resources */,
				9C410D548DF7A0B6A8A7BDB1 /* [CP] Embed Pods Frameworks */,
			);
			buildRules = (
			);
			dependencies = (
			);
			name = RxSwift_Practice2;
			productName = RxSwift_Practice2;
			productReference = 4FF2448E26386CBF00BF4BC5 /* RxSwift_Practice2.app */;
			productType = "com.apple.product-type.application";
		};
/* End PBXNativeTarget section */

/* Begin PBXProject section */
		4FF2448626386CBF00BF4BC5 /* Project object */ = {
			isa = PBXProject;
			attributes = {
				LastSwiftUpdateCheck = 1240;
				LastUpgradeCheck = 1240;
				TargetAttributes = {
					4FF2448D26386CBF00BF4BC5 = {
						CreatedOnToolsVersion = 12.4;
					};
				};
			};
			buildConfigurationList = 4FF2448926386CBF00BF4BC5 /* Build configuration list for PBXProject "RxSwift_Practice2" */;
			compatibilityVersion = "Xcode 9.3";
			developmentRegion = en;
			hasScannedForEncodings = 0;
			knownRegions = (
				en,
				Base,
			);
			mainGroup = 4FF2448526386CBF00BF4BC5;
			productRefGroup = 4FF2448F26386CBF00BF4BC5 /* Products */;
			projectDirPath = "";
			projectRoot = "";
			targets = (
				4FF2448D26386CBF00BF4BC5 /* RxSwift_Practice2 */,
			);
		};
/* End PBXProject section */

/* Begin PBXResourcesBuildPhase section */
		4FF2448C26386CBF00BF4BC5 /* Resources */ = {
			isa = PBXResourcesBuildPhase;
			buildActionMask = 2147483647;
			files = (
				4FF2449E26386CC200BF4BC5 /* LaunchScreen.storyboard in Resources */,
				4FF2449B26386CC200BF4BC5 /* Assets.xcassets in Resources */,
				4FF2449926386CC000BF4BC5 /* Main.storyboard in Resources */,
			);
			runOnlyForDeploymentPostprocessing = 0;
		};
/* End PBXResourcesBuildPhase section */

/* Begin PBXShellScriptBuildPhase section */
		7530B5DD3811162A7BF04A15 /* [CP] Check Pods Manifest.lock */ = {
			isa = PBXShellScriptBuildPhase;
			buildActionMask = 2147483647;
			files = (
			);
			inputFileListPaths = (
			);
			inputPaths = (
				"${PODS_PODFILE_DIR_PATH}/Podfile.lock",
				"${PODS_ROOT}/Manifest.lock",
			);
			name = "[CP] Check Pods Manifest.lock";
			outputFileListPaths = (
			);
			outputPaths = (
				"$(DERIVED_FILE_DIR)/Pods-RxSwift_Practice2-checkManifestLockResult.txt",
			);
			runOnlyForDeploymentPostprocessing = 0;
			shellPath = /bin/sh;
			shellScript = "diff \"${PODS_PODFILE_DIR_PATH}/Podfile.lock\" \"${PODS_ROOT}/Manifest.lock\" > /dev/null\nif [ $? != 0 ] ; then\n    # print error to STDERR\n    echo \"error: The sandbox is not in sync with the Podfile.lock. Run 'pod install' or update your CocoaPods installation.\" >&2\n    exit 1\nfi\n# This output is used by Xcode 'outputs' to avoid re-running this script phase.\necho \"SUCCESS\" > \"${SCRIPT_OUTPUT_FILE_0}\"\n";
			showEnvVarsInLog = 0;
		};
		9C410D548DF7A0B6A8A7BDB1 /* [CP] Embed Pods Frameworks */ = {
			isa = PBXShellScriptBuildPhase;
			buildActionMask = 2147483647;
			files = (
			);
			inputFileListPaths = (
				"${PODS_ROOT}/Target Support Files/Pods-RxSwift_Practice2/Pods-RxSwift_Practice2-frameworks-${CONFIGURATION}-input-files.xcfilelist",
			);
			name = "[CP] Embed Pods Frameworks";
			outputFileListPaths = (
				"${PODS_ROOT}/Target Support Files/Pods-RxSwift_Practice2/Pods-RxSwift_Practice2-frameworks-${CONFIGURATION}-output-files.xcfilelist",
			);
			runOnlyForDeploymentPostprocessing = 0;
			shellPath = /bin/sh;
			shellScript = "\"${PODS_ROOT}/Target Support Files/Pods-RxSwift_Practice2/Pods-RxSwift_Practice2-frameworks.sh\"\n";
			showEnvVarsInLog = 0;
		};
/* End PBXShellScriptBuildPhase section */

/* Begin PBXSourcesBuildPhase section */
		4FF2448A26386CBF00BF4BC5 /* Sources */ = {
			isa = PBXSourcesBuildPhase;
			buildActionMask = 2147483647;
			files = (
				4FF2449626386CC000BF4BC5 /* ViewController.swift in Sources */,
				4FF244AF2638758500BF4BC5 /* PracticalVC.swift in Sources */,
				4FF244AC26386DA100BF4BC5 /* SubjectVSObservableVC.swift in Sources */,
				4FF244B22638759000BF4BC5 /* Practical2VC.swift in Sources */,
				4FF2449226386CBF00BF4BC5 /* AppDelegate.swift in Sources */,
				4FF2449426386CC000BF4BC5 /* SceneDelegate.swift in Sources */,
				4FF244B5263AA1AD00BF4BC5 /* RxCocoaVC.swift in Sources */,
			);
			runOnlyForDeploymentPostprocessing = 0;
		};
/* End PBXSourcesBuildPhase section */

/* Begin PBXVariantGroup section */
		4FF2449726386CC000BF4BC5 /* Main.storyboard */ = {
			isa = PBXVariantGroup;
			children = (
				4FF2449826386CC000BF4BC5 /* Base */,
			);
			name = Main.storyboard;
			sourceTree = "<group>";
		};
		4FF2449C26386CC200BF4BC5 /* LaunchScreen.storyboard */ = {
			isa = PBXVariantGroup;
			children = (
				4FF2449D26386CC200BF4BC5 /* Base */,
			);
			name = LaunchScreen.storyboard;
			sourceTree = "<group>";
		};
/* End PBXVariantGroup section */

/* Begin XCBuildConfiguration section */
		4FF244A026386CC200BF4BC5 /* Debug */ = {
			isa = XCBuildConfiguration;
			buildSettings = {
				ALWAYS_SEARCH_USER_PATHS = NO;
				CLANG_ANALYZER_NONNULL = YES;
				CLANG_ANALYZER_NUMBER_OBJECT_CONVERSION = YES_AGGRESSIVE;
				CLANG_CXX_LANGUAGE_STANDARD = "gnu++14";
				CLANG_CXX_LIBRARY = "libc++";
				CLANG_ENABLE_MODULES = YES;
				CLANG_ENABLE_OBJC_ARC = YES;
				CLANG_ENABLE_OBJC_WEAK = YES;
				CLANG_WARN_BLOCK_CAPTURE_AUTORELEASING = YES;
				CLANG_WARN_BOOL_CONVERSION = YES;
				CLANG_WARN_COMMA = YES;
				CLANG_WARN_CONSTANT_CONVERSION = YES;
				CLANG_WARN_DEPRECATED_OBJC_IMPLEMENTATIONS = YES;
				CLANG_WARN_DIRECT_OBJC_ISA_USAGE = YES_ERROR;
				CLANG_WARN_DOCUMENTATION_COMMENTS = YES;
				CLANG_WARN_EMPTY_BODY = YES;
				CLANG_WARN_ENUM_CONVERSION = YES;
				CLANG_WARN_INFINITE_RECURSION = YES;
				CLANG_WARN_INT_CONVERSION = YES;
				CLANG_WARN_NON_LITERAL_NULL_CONVERSION = YES;
				CLANG_WARN_OBJC_IMPLICIT_RETAIN_SELF = YES;
				CLANG_WARN_OBJC_LITERAL_CONVERSION = YES;
				CLANG_WARN_OBJC_ROOT_CLASS = YES_ERROR;
				CLANG_WARN_QUOTED_INCLUDE_IN_FRAMEWORK_HEADER = YES;
				CLANG_WARN_RANGE_LOOP_ANALYSIS = YES;
				CLANG_WARN_STRICT_PROTOTYPES = YES;
				CLANG_WARN_SUSPICIOUS_MOVE = YES;
				CLANG_WARN_UNGUARDED_AVAILABILITY = YES_AGGRESSIVE;
				CLANG_WARN_UNREACHABLE_CODE = YES;
				CLANG_WARN__DUPLICATE_METHOD_MATCH = YES;
				COPY_PHASE_STRIP = NO;
				DEBUG_INFORMATION_FORMAT = dwarf;
				ENABLE_STRICT_OBJC_MSGSEND = YES;
				ENABLE_TESTABILITY = YES;
				GCC_C_LANGUAGE_STANDARD = gnu11;
				GCC_DYNAMIC_NO_PIC = NO;
				GCC_NO_COMMON_BLOCKS = YES;
				GCC_OPTIMIZATION_LEVEL = 0;
				GCC_PREPROCESSOR_DEFINITIONS = (
					"DEBUG=1",
					"$(inherited)",
				);
				GCC_WARN_64_TO_32_BIT_CONVERSION = YES;
				GCC_WARN_ABOUT_RETURN_TYPE = YES_ERROR;
				GCC_WARN_UNDECLARED_SELECTOR = YES;
				GCC_WARN_UNINITIALIZED_AUTOS = YES_AGGRESSIVE;
				GCC_WARN_UNUSED_FUNCTION = YES;
				GCC_WARN_UNUSED_VARIABLE = YES;
				IPHONEOS_DEPLOYMENT_TARGET = 14.4;
				MTL_ENABLE_DEBUG_INFO = INCLUDE_SOURCE;
				MTL_FAST_MATH = YES;
				ONLY_ACTIVE_ARCH = YES;
				SDKROOT = iphoneos;
				SWIFT_ACTIVE_COMPILATION_CONDITIONS = DEBUG;
				SWIFT_OPTIMIZATION_LEVEL = "-Onone";
			};
			name = Debug;
		};
		4FF244A126386CC200BF4BC5 /* Release */ = {
			isa = XCBuildConfiguration;
			buildSettings = {
				ALWAYS_SEARCH_USER_PATHS = NO;
				CLANG_ANALYZER_NONNULL = YES;
				CLANG_ANALYZER_NUMBER_OBJECT_CONVERSION = YES_AGGRESSIVE;
				CLANG_CXX_LANGUAGE_STANDARD = "gnu++14";
				CLANG_CXX_LIBRARY = "libc++";
				CLANG_ENABLE_MODULES = YES;
				CLANG_ENABLE_OBJC_ARC = YES;
				CLANG_ENABLE_OBJC_WEAK = YES;
				CLANG_WARN_BLOCK_CAPTURE_AUTORELEASING = YES;
				CLANG_WARN_BOOL_CONVERSION = YES;
				CLANG_WARN_COMMA = YES;
				CLANG_WARN_CONSTANT_CONVERSION = YES;
				CLANG_WARN_DEPRECATED_OBJC_IMPLEMENTATIONS = YES;
				CLANG_WARN_DIRECT_OBJC_ISA_USAGE = YES_ERROR;
				CLANG_WARN_DOCUMENTATION_COMMENTS = YES;
				CLANG_WARN_EMPTY_BODY = YES;
				CLANG_WARN_ENUM_CONVERSION = YES;
				CLANG_WARN_INFINITE_RECURSION = YES;
				CLANG_WARN_INT_CONVERSION = YES;
				CLANG_WARN_NON_LITERAL_NULL_CONVERSION = YES;
				CLANG_WARN_OBJC_IMPLICIT_RETAIN_SELF = YES;
				CLANG_WARN_OBJC_LITERAL_CONVERSION = YES;
				CLANG_WARN_OBJC_ROOT_CLASS = YES_ERROR;
				CLANG_WARN_QUOTED_INCLUDE_IN_FRAMEWORK_HEADER = YES;
				CLANG_WARN_RANGE_LOOP_ANALYSIS = YES;
				CLANG_WARN_STRICT_PROTOTYPES = YES;
				CLANG_WARN_SUSPICIOUS_MOVE = YES;
				CLANG_WARN_UNGUARDED_AVAILABILITY = YES_AGGRESSIVE;
				CLANG_WARN_UNREACHABLE_CODE = YES;
				CLANG_WARN__DUPLICATE_METHOD_MATCH = YES;
				COPY_PHASE_STRIP = NO;
				DEBUG_INFORMATION_FORMAT = "dwarf-with-dsym";
				ENABLE_NS_ASSERTIONS = NO;
				ENABLE_STRICT_OBJC_MSGSEND = YES;
				GCC_C_LANGUAGE_STANDARD = gnu11;
				GCC_NO_COMMON_BLOCKS = YES;
				GCC_WARN_64_TO_32_BIT_CONVERSION = YES;
				GCC_WARN_ABOUT_RETURN_TYPE = YES_ERROR;
				GCC_WARN_UNDECLARED_SELECTOR = YES;
				GCC_WARN_UNINITIALIZED_AUTOS = YES_AGGRESSIVE;
				GCC_WARN_UNUSED_FUNCTION = YES;
				GCC_WARN_UNUSED_VARIABLE = YES;
				IPHONEOS_DEPLOYMENT_TARGET = 14.4;
				MTL_ENABLE_DEBUG_INFO = NO;
				MTL_FAST_MATH = YES;
				SDKROOT = iphoneos;
				SWIFT_COMPILATION_MODE = wholemodule;
				SWIFT_OPTIMIZATION_LEVEL = "-O";
				VALIDATE_PRODUCT = YES;
			};
			name = Release;
		};
		4FF244A326386CC200BF4BC5 /* Debug */ = {
			isa = XCBuildConfiguration;
			baseConfigurationReference = CAB809B701DD6D5E599818E1 /* Pods-RxSwift_Practice2.debug.xcconfig */;
			buildSettings = {
				ASSETCATALOG_COMPILER_APPICON_NAME = AppIcon;
				ASSETCATALOG_COMPILER_GLOBAL_ACCENT_COLOR_NAME = AccentColor;
				CODE_SIGN_STYLE = Automatic;
				INFOPLIST_FILE = RxSwift_Practice2/Info.plist;
				LD_RUNPATH_SEARCH_PATHS = (
					"$(inherited)",
					"@executable_path/Frameworks",
				);
				PRODUCT_BUNDLE_IDENTIFIER = "a.RxSwift-Practice2";
				PRODUCT_NAME = "$(TARGET_NAME)";
				SWIFT_VERSION = 5.0;
				TARGETED_DEVICE_FAMILY = "1,2";
			};
			name = Debug;
		};
		4FF244A426386CC200BF4BC5 /* Release */ = {
			isa = XCBuildConfiguration;
			baseConfigurationReference = 41E76467E44B892CF3EA30E3 /* Pods-RxSwift_Practice2.release.xcconfig */;
			buildSettings = {
				ASSETCATALOG_COMPILER_APPICON_NAME = AppIcon;
				ASSETCATALOG_COMPILER_GLOBAL_ACCENT_COLOR_NAME = AccentColor;
				CODE_SIGN_STYLE = Automatic;
				INFOPLIST_FILE = RxSwift_Practice2/Info.plist;
				LD_RUNPATH_SEARCH_PATHS = (
					"$(inherited)",
					"@executable_path/Frameworks",
				);
				PRODUCT_BUNDLE_IDENTIFIER = "a.RxSwift-Practice2";
				PRODUCT_NAME = "$(TARGET_NAME)";
				SWIFT_VERSION = 5.0;
				TARGETED_DEVICE_FAMILY = "1,2";
			};
			name = Release;
		};
/* End XCBuildConfiguration section */

/* Begin XCConfigurationList section */
		4FF2448926386CBF00BF4BC5 /* Build configuration list for PBXProject "RxSwift_Practice2" */ = {
			isa = XCConfigurationList;
			buildConfigurations = (
				4FF244A026386CC200BF4BC5 /* Debug */,
				4FF244A126386CC200BF4BC5 /* Release */,
			);
			defaultConfigurationIsVisible = 0;
			defaultConfigurationName = Release;
		};
		4FF244A226386CC200BF4BC5 /* Build configuration list for PBXNativeTarget "RxSwift_Practice2" */ = {
			isa = XCConfigurationList;
			buildConfigurations = (
				4FF244A326386CC200BF4BC5 /* Debug */,
				4FF244A426386CC200BF4BC5 /* Release */,
			);
			defaultConfigurationIsVisible = 0;
			defaultConfigurationName = Release;
		};
/* End XCConfigurationList section */
	};
	rootObject = 4FF2448626386CBF00BF4BC5 /* Project object */;
}
